{
  "originHash" : "7255810bfdf1f3edde94d63894ed905a25c903929ca5d8cd342485aff8de6947",
  "pins" : [
    {
      "identity" : "applovin-max-swift-package",
      "kind" : "remoteSourceControl",
      "location" : "https://github.com/AppLovin/AppLovin-MAX-Swift-Package.git",
      "state" : {
        "revision" : "ab755a46ff19a9a578e709aeee49653a9239f225",
        "version" : "13.6.3"
      }
    },
    {
      "identity" : "chartboost-monetization-ios-sdk",
      "kind" : "remoteSourceControl",
      "location" : "https://github.com/ChartBoost/chartboost-monetization-ios-sdk.git",
      "state" : {
        "revision" : "ebe94ac847ef9494c95e9c245b2d6525c1b048e4",
        "version" : "9.13.0"
      }
    },
    {
      "identity" : "dtexchangesdk-ios-spm",
      "kind" : "remoteSourceControl",
      "location" : "https://github.com/inner-active/DTExchangeSDK-iOS-SPM.git",
      "state" : {
        "revision" : "14a6792285a47ebbe236c75418fa4782307da470",
        "version" : "8.4.10"
      }
    },
    {
      "identity" : "googleads-mobile-ios-mediation-applovin",
      "kind" : "remoteSourceControl",
      "location" : "https://github.com/googleads/googleads-mobile-ios-mediation-applovin.git",
      "state" : {
        "revision" : "beec586eda7b4abb177b3fda4ee1e9c9a0663b6e",
        "version" : "13.6.300"
      }
    },
    {
      "identity" : "googleads-mobile-ios-mediation-chartboost",
      "kind" : "remoteSourceControl",
      "location" : "https://github.com/googleads/googleads-mobile-ios-mediation-chartboost.git",
      "state" : {
        "revision" : "476e7695753de69f9728b5b8b1a84c6bf2da8f15",
        "version" : "9.13.0"
      }
    },
    {
      "identity" : "googleads-mobile-ios-mediation-dtexchange",
      "kind" : "remoteSourceControl",
      "location" : "https://github.com/googleads/googleads-mobile-ios-mediation-dtexchange.git",
      "state" : {
        "revision" : "ee9dd574c95df1a5bbb9e0fcbf47eae76a159c53",
        "version" : "8.4.1000"
      }
    },
    {
      "identity" : "googleads-mobile-ios-mediation-inmobi",
      "kind" : "remoteSourceControl",
      "location" : "https://github.com/googleads/googleads-mobile-ios-mediation-inmobi.git",
      "state" : {
        "revision" : "00be49f00bea7cd025c58719d8323ffdcb510461",
        "version" : "11.4.100"
      }
    },
    {
      "identity" : "inmobisdk-swift-package",
      "kind" : "remoteSourceControl",
      "location" : "https://github.com/InMobi/InMobiSDK-Swift-Package.git",
      "state" : {
        "revision" : "ba46fc5d865080b352d0002533e14a9298fcddbe",
        "version" : "11.4.1"
      }
    },
    {
      "identity" : "swift-package-manager-google-mobile-ads",
      "kind" : "remoteSourceControl",
      "location" : "https://github.com/googleads/swift-package-manager-google-mobile-ads.git",
      "state" : {
        "revision" : "7651abff585dc8dacd1744222d5f03bdd2a8532a",
        "version" : "13.6.0"
      }
    },
    {
      "identity" : "swift-package-manager-google-user-messaging-platform",
      "kind" : "remoteSourceControl",
      "location" : "https://github.com/googleads/swift-package-manager-google-user-messaging-platform.git",
      "state" : {
        "revision" : "13b248eaa73b7826f0efb1bcf455e251d65ecb1b",
        "version" : "3.1.0"
      }
    }
  ],
  "version" : 3
}
